// !$*UTF8*$!
{
	archiveVersion = 1;
	classes = {
	};
	objectVersion = 46;
	objects = {

/* Begin PBXBuildFile section */
		843500C61C1077DB002A60F8 /* main.m in Sources */ = {isa = PBXBuildFile; fileRef = 843500C51C1077DB002A60F8 /* main.m */; };
/* End PBXBuildFile section */

/* Begin PBXCopyFilesBuildPhase section */
		843500C01C1077DB002A60F8 /* CopyFiles */ = {
			isa = PBXCopyFilesBuildPhase;
			buildActionMask = 2147483647;
			dstPath = /usr/share/man/man1/;
			dstSubfolderSpec = 0;
			files = (
			);
			runOnlyForDeploymentPostprocessing = 1;
		};
/* End PBXCopyFilesBuildPhase section */

/* Begin PBXFileReference section */
		843500C21C1077DB002A60F8 /* Puzzle_IDA_Alghorithm_MacOSConsole */ = {isa = PBXFileReference; explicitFileType = "compiled.mach-o.executable"; includeInIndex = 0; path = Puzzle_IDA_Alghorithm_MacOSConsole; sourceTree = BUILT_PRODUCTS_DIR; };
		843500C51C1077DB002A60F8 /* main.m */ = {isa = PBXFileReference; lastKnownFileType = sourcecode.c.objc; path = main.m; sourceTree = "<group>"; };
/* End PBXFileReference section */

/* Begin PBXFrameworksBuildPhase section */
		843500BF1C1077DB002A60F8 /* Frameworks */ = {
			isa = PBXFrameworksBuildPhase;
			buildActionMask = 2147483647;
			files = (
			);
			runOnlyForDeploymentPostprocessing = 0;
		};
/* End PBXFrameworksBuildPhase section */

/* Begin PBXGroup section */
		843500B91C1077DB002A60F8 = {
			isa = PBXGroup;
			children = (
				843500C41C1077DB002A60F8 /* Puzzle_IDA_Alghorithm_MacOSConsole */,
				843500C31C1077DB002A60F8 /* Products */,
			);
			sourceTree = "<group>";
		};
		843500C31C1077DB002A60F8 /* Products */ = {
			isa = PBXGroup;
			children = (
				843500C21C1077DB002A60F8 /* Puzzle_IDA_Alghorithm_MacOSConsole */,
			);
			name = Products;
			sourceTree = "<group>";
		};
		843500C41C1077DB002A60F8 /* Puzzle_IDA_Alghorithm_MacOSConsole */ = {
			isa = PBXGroup;
			children = (
				843500C51C1077DB002A60F8 /* main.m */,
			);
			path = Puzzle_IDA_Alghorithm_MacOSConsole;
			sourceTree = "<group>";
		};
/* End PBXGroup section */

/* Begin PBXNativeTarget section */
		843500C11C1077DB002A60F8 /* Puzzle_IDA_Alghorithm_MacOSConsole */ = {
			isa = PBXNativeTarget;
			buildConfigurationList = 843500C91C1077DB002A60F8 /* Build configuration list for PBXNativeTarget "Puzzle_IDA_Alghorithm_MacOSConsole" */;
			buildPhases = (
				843500BE1C1077DB002A60F8 /* Sources */,
				843500BF1C1077DB002A60F8 /* Frameworks */,
				843500C01C1077DB002A60F8 /* CopyFiles */,
			);
			buildRules = (
			);
			dependencies = (
			);
			name = Puzzle_IDA_Alghorithm_MacOSConsole;
			productName = Puzzle_IDA_Alghorithm_MacOSConsole;
			productReference = 843500C21C1077DB002A60F8 /* Puzzle_IDA_Alghorithm_MacOSConsole */;
			productType = "com.apple.product-type.tool";
		};
/* End PBXNativeTarget section */

/* Begin PBXProject section */
		843500BA1C1077DB002A60F8 /* Project object */ = {
			isa = PBXProject;
			attributes = {
				LastUpgradeCheck = 0720;
				ORGANIZATIONNAME = PavloDumyak;
				TargetAttributes = {
					843500C11C1077DB002A60F8 = {
						CreatedOnToolsVersion = 7.2;
					};
				};
			};
			buildConfigurationList = 843500BD1C1077DB002A60F8 /* Build configuration list for PBXProject "Puzzle_IDA_Alghorithm_MacOSConsole" */;
			compatibilityVersion = "Xcode 3.2";
			developmentRegion = English;
			hasScannedForEncodings = 0;
			knownRegions = (
				en,
			);
			mainGroup = 843500B91C1077DB002A60F8;
			productRefGroup = 843500C31C1077DB002A60F8 /* Products */;
			projectDirPath = "";
			projectRoot = "";
			targets = (
				843500C11C1077DB002A60F8 /* Puzzle_IDA_Alghorithm_MacOSConsole */,
			);
		};
/* End PBXProject section */

/* Begin PBXSourcesBuildPhase section */
		843500BE1C1077DB002A60F8 /* Sources */ = {
			isa = PBXSourcesBuildPhase;
			buildActionMask = 2147483647;
			files = (
				843500C61C1077DB002A60F8 /* main.m in Sources */,
			);
			runOnlyForDeploymentPostprocessing = 0;
		};
/* End PBXSourcesBuildPhase section */

/* Begin XCBuildConfiguration section */
		843500C71C1077DB002A60F8 /* Debug */ = {
			isa = XCBuildConfiguration;
			buildSettings = {
				ALWAYS_SEARCH_USER_PATHS = NO;
				CLANG_CXX_LANGUAGE_STANDARD = "gnu++0x";
				CLANG_CXX_LIBRARY = "libc++";
				CLANG_ENABLE_MODULES = YES;
				CLANG_ENABLE_OBJC_ARC = YES;
				CLANG_WARN_BOOL_CONVERSION = YES;
				CLANG_WARN_CONSTANT_CONVERSION = YES;
				CLANG_WARN_DIRECT_OBJC_ISA_USAGE = YES_ERROR;
				CLANG_WARN_EMPTY_BODY = YES;
				CLANG_WARN_ENUM_CONVERSION = YES;
				CLANG_WARN_INT_CONVERSION = YES;
				CLANG_WARN_OBJC_ROOT_CLASS = YES_ERROR;
				CLANG_WARN_UNREACHABLE_CODE = YES;
				CLANG_WARN__DUPLICATE_METHOD_MATCH = YES;
				CODE_SIGN_IDENTITY = "-";
				COPY_PHASE_STRIP = NO;
				DEBUG_INFORMATION_FORMAT = dwarf;
				ENABLE_STRICT_OBJC_MSGSEND = YES;
				ENABLE_TESTABILITY = YES;
				GCC_C_LANGUAGE_STANDARD = gnu99;
				GCC_DYNAMIC_NO_PIC = NO;
				GCC_NO_COMMON_BLOCKS = YES;
				GCC_OPTIMIZATION_LEVEL = 0;
				GCC_PREPROCESSOR_DEFINITIONS = (
					"DEBUG=1",
					"$(inherited)",
				);
				GCC_WARN_64_TO_32_BIT_CONVERSION = YES;
				GCC_WARN_ABOUT_RETURN_TYPE = YES_ERROR;
				GCC_WARN_UNDECLARED_SELECTOR = YES;
				GCC_WARN_UNINITIALIZED_AUTOS = YES_AGGRESSIVE;
				GCC_WARN_UNUSED_FUNCTION = YES;
				GCC_WARN_UNUSED_VARIABLE = YES;
				MACOSX_DEPLOYMENT_TARGET = 10.11;
				MTL_ENABLE_DEBUG_INFO = YES;
				ONLY_ACTIVE_ARCH = YES;
				SDKROOT = macosx;
			};
			name = Debug;
		};
		843500C81C1077DB002A60F8 /* Release */ = {
			isa = XCBuildConfiguration;
			buildSettings = {
				ALWAYS_SEARCH_USER_PATHS = NO;
				CLANG_CXX_LANGUAGE_STANDARD = "gnu++0x";
				CLANG_CXX_LIBRARY = "libc++";
				CLANG_ENABLE_MODULES = YES;
				CLANG_ENABLE_OBJC_ARC = YES;
				CLANG_WARN_BOOL_CONVERSION = YES;
				CLANG_WARN_CONSTANT_CONVERSION = YES;
				CLANG_WARN_DIRECT_OBJC_ISA_USAGE = YES_ERROR;
				CLANG_WARN_EMPTY_BODY = YES;
				CLANG_WARN_ENUM_CONVERSION = YES;
				CLANG_WARN_INT_CONVERSION = YES;
				CLANG_WARN_OBJC_ROOT_CLASS = YES_ERROR;
				CLANG_WARN_UNREACHABLE_CODE = YES;
				CLANG_WARN__DUPLICATE_METHOD_MATCH = YES;
				CODE_SIGN_IDENTITY = "-";
				COPY_PHASE_STRIP = NO;
				DEBUG_INFORMATION_FORMAT = "dwarf-with-dsym";
				ENABLE_NS_ASSERTIONS = NO;
				ENABLE_STRICT_OBJC_MSGSEND = YES;
				GCC_C_LANGUAGE_STANDARD = gnu99;
				GCC_NO_COMMON_BLOCKS = YES;
				GCC_WARN_64_TO_32_BIT_CONVERSION = YES;
				GCC_WARN_ABOUT_RETURN_TYPE = YES_ERROR;
				GCC_WARN_UNDECLARED_SELECTOR = YES;
				GCC_WARN_UNINITIALIZED_AUTOS = YES_AGGRESSIVE;
				GCC_WARN_UNUSED_FUNCTION = YES;
				GCC_WARN_UNUSED_VARIABLE = YES;
				MACOSX_DEPLOYMENT_TARGET = 10.11;
				MTL_ENABLE_DEBUG_INFO = NO;
				SDKROOT = macosx;
			};
			name = Release;
		};
		843500CA1C1077DB002A60F8 /* Debug */ = {
			isa = XCBuildConfiguration;
			buildSettings = {
				PRODUCT_NAME = "$(TARGET_NAME)";
			};
			name = Debug;
		};
		843500CB1C1077DB002A60F8 /* Release */ = {
			isa = XCBuildConfiguration;
			buildSettings = {
				PRODUCT_NAME = "$(TARGET_NAME)";
			};
			name = Release;
		};
/* End XCBuildConfiguration section */

/* Begin XCConfigurationList section */
		843500BD1C1077DB002A60F8 /* Build configuration list for PBXProject "Puzzle_IDA_Alghorithm_MacOSConsole" */ = {
			isa = XCConfigurationList;
			buildConfigurations = (
				843500C71C1077DB002A60F8 /* Debug */,
				843500C81C1077DB002A60F8 /* Release */,
			);
			defaultConfigurationIsVisible = 0;
			defaultConfigurationName = Release;
		};
		843500C91C1077DB002A60F8 /* Build configuration list for PBXNativeTarget "Puzzle_IDA_Alghorithm_MacOSConsole" */ = {
			isa = XCConfigurationList;
			buildConfigurations = (
				843500CA1C1077DB002A60F8 /* Debug */,
				843500CB1C1077DB002A60F8 /* Release */,
			);
			defaultConfigurationIsVisible = 0;
		};
/* End XCConfigurationList section */
	};
	rootObject = 843500BA1C1077DB002A60F8 /* Project object */;
}
